# This file is automatically @generated by Poetry 1.8.2 and should not be changed by hand.

[[package]]
name = "packaging"
version = "24.0"
description = "Core utilities for Python packages"
optional = false
python-versions = ">=3.7"
files = [
    {file = "packaging-24.0-py3-none-any.whl", hash = "sha256:2ddfb553fdf02fb784c234c7ba6ccc288296ceabec964ad2eae3777778130bc5"},
    {file = "packaging-24.0.tar.gz", hash = "sha256:eb82c5e3e56209074766e6885bb04b8c38a0c015d0a30036ebe7ece34c9989e9"},
]

[metadata]
lock-version = "2.0"
python-versions = "^3.11"
content-hash = "01f9bc063562c126fb4b0d24a6d479c14a5c1ad3e8bebcdbaf07aa8c0862f782"
